
Microsoft Visual Studio Solution File, Format Version 12.00
# Visual Studio Version 17
VisualStudioVersion = 17.11.35208.52
MinimumVisualStudioVersion = 10.0.40219.1
Project("{FAE04EC0-301F-11D3-BF4B-00C04F79EFBC}") = "Parcial2_Item_2", "Parcial2_Item_2\Parcial2_Item_2.csproj", "{1BE5BA22-4264-463D-9795-2D415FFA83F0}"
EndProject
Global
	GlobalSection(SolutionConfigurationPlatforms) = preSolution
		Debug|Any CPU = Debug|Any CPU
		Release|Any CPU = Release|Any CPU
	EndGlobalSection
	GlobalSection(ProjectConfigurationPlatforms) = postSolution
		{1BE5BA22-4264-463D-9795-2D415FFA83F0}.Debug|Any CPU.ActiveCfg = Debug|Any CPU
		{1BE5BA22-4264-463D-9795-2D415FFA83F0}.Debug|Any CPU.Build.0 = Debug|Any CPU
		{1BE5BA22-4264-463D-9795-2D415FFA83F0}.Release|Any CPU.ActiveCfg = Release|Any CPU
		{1BE5BA22-4264-463D-9795-2D415FFA83F0}.Release|Any CPU.Build.0 = Release|Any CPU
	EndGlobalSection
	GlobalSection(SolutionProperties) = preSolution
		HideSolutionNode = FALSE
	EndGlobalSection
	GlobalSection(ExtensibilityGlobals) = postSolution
		SolutionGuid = {23ACD0DE-99EA-47C4-A631-ADB908F726AD}
	EndGlobalSection
EndGlobal
